
Microsoft Visual Studio Solution File, Format Version 12.00
# Visual Studio Version 17
VisualStudioVersion = 17.8.34330.188
MinimumVisualStudioVersion = 10.0.40219.1
Project("{9A19103F-16F7-4668-BE54-9A1E7A4F7556}") = "BillingSystem", "BillingSystem.csproj", "{5D0ED6DE-101C-4140-AC0B-959084966041}"
EndProject
Project("{9A19103F-16F7-4668-BE54-9A1E7A4F7556}") = "BillingSystemUnitTest", "..\BillingSystemUnitTest\BillingSystemUnitTest.csproj", "{6A21BC3C-0E5A-419B-AD0B-224E9A11122A}"
EndProject
Global
	GlobalSection(SolutionConfigurationPlatforms) = preSolution
		Debug|Any CPU = Debug|Any CPU
		Release|Any CPU = Release|Any CPU
	EndGlobalSection
	GlobalSection(ProjectConfigurationPlatforms) = postSolution
		{5D0ED6DE-101C-4140-AC0B-959084966041}.Debug|Any CPU.ActiveCfg = Debug|Any CPU
		{5D0ED6DE-101C-4140-AC0B-959084966041}.Debug|Any CPU.Build.0 = Debug|Any CPU
		{5D0ED6DE-101C-4140-AC0B-959084966041}.Release|Any CPU.ActiveCfg = Release|Any CPU
		{5D0ED6DE-101C-4140-AC0B-959084966041}.Release|Any CPU.Build.0 = Release|Any CPU
		{6A21BC3C-0E5A-419B-AD0B-224E9A11122A}.Debug|Any CPU.ActiveCfg = Debug|Any CPU
		{6A21BC3C-0E5A-419B-AD0B-224E9A11122A}.Debug|Any CPU.Build.0 = Debug|Any CPU
		{6A21BC3C-0E5A-419B-AD0B-224E9A11122A}.Release|Any CPU.ActiveCfg = Release|Any CPU
		{6A21BC3C-0E5A-419B-AD0B-224E9A11122A}.Release|Any CPU.Build.0 = Release|Any CPU
	EndGlobalSection
	GlobalSection(SolutionProperties) = preSolution
		HideSolutionNode = FALSE
	EndGlobalSection
	GlobalSection(ExtensibilityGlobals) = postSolution
		SolutionGuid = {0C2DFF00-5605-4C79-9B91-D30E87677B91}
	EndGlobalSection
EndGlobal
